
Microsoft Visual Studio Solution File, Format Version 12.00
# Visual Studio Version 16
VisualStudioVersion = 16.0.31112.23
MinimumVisualStudioVersion = 10.0.40219.1
Project("{FAE04EC0-301F-11D3-BF4B-00C04F79EFBC}") = "CalculateHeights_CSharp", "CalculateHeights_CSharp.csproj", "{E161A0CF-3628-419B-A27C-BA54D855339C}"
EndProject
Global
	GlobalSection(SolutionConfigurationPlatforms) = preSolution
		Debug|Any CPU = Debug|Any CPU
		Release|Any CPU = Release|Any CPU
	EndGlobalSection
	GlobalSection(ProjectConfigurationPlatforms) = postSolution
		{E161A0CF-3628-419B-A27C-BA54D855339C}.Debug|Any CPU.ActiveCfg = Debug|Any CPU
		{E161A0CF-3628-419B-A27C-BA54D855339C}.Debug|Any CPU.Build.0 = Debug|Any CPU
		{E161A0CF-3628-419B-A27C-BA54D855339C}.Release|Any CPU.ActiveCfg = Release|Any CPU
		{E161A0CF-3628-419B-A27C-BA54D855339C}.Release|Any CPU.Build.0 = Release|Any CPU
	EndGlobalSection
	GlobalSection(SolutionProperties) = preSolution
		HideSolutionNode = FALSE
	EndGlobalSection
	GlobalSection(ExtensibilityGlobals) = postSolution
		SolutionGuid = {F41FB4E4-D361-47EE-BDA0-9E8FC1D36C6E}
	EndGlobalSection
EndGlobal
